<?xml version="1.0" encoding="utf-8"?>
<Project ToolsVersion="4.0" xmlns="http://schemas.microsoft.com/developer/msbuild/2003">
  <ItemGroup>
    <Filter Include="源文件">
      <UniqueIdentifier>{4FC737F1-C7A5-4376-A066-2A32D752A2FF}</UniqueIdentifier>
      <Extensions>cpp;c;cc;cxx;def;odl;idl;hpj;bat;asm;asmx</Extensions>
    </Filter>
    <Filter Include="头文件">
      <UniqueIdentifier>{93995380-89BD-4b04-88EB-625FBE52EBFB}</UniqueIdentifier>
      <Extensions>h;hh;hpp;hxx;hm;inl;inc;xsd</Extensions>
    </Filter>
    <Filter Include="资源文件">
      <UniqueIdentifier>{67DA6AB6-F800-4c08-8B7A-83BB121AAD01}</UniqueIdentifier>
      <Extensions>rc;ico;cur;bmp;dlg;rc2;rct;bin;rgs;gif;jpg;jpeg;jpe;resx;tiff;tif;png;wav;mfcribbon-ms</Extensions>
    </Filter>
    <Filter Include="头文件\THEngine">
      <UniqueIdentifier>{1d15bbe4-9e15-40c6-b068-f7d1bdc6c9e9}</UniqueIdentifier>
    </Filter>
    <Filter Include="源文件\THEngine">
      <UniqueIdentifier>{91c4cc3e-9b4e-48d5-953a-20a95a8ea2ba}</UniqueIdentifier>
    </Filter>
    <Filter Include="头文件\Stage">
      <UniqueIdentifier>{54db135a-bb52-4b01-9cd4-2d9e9d2ebdd2}</UniqueIdentifier>
    </Filter>
    <Filter Include="源文件\Stage">
      <UniqueIdentifier>{d4659a1a-fbf0-49c1-9627-a9febad8b02a}</UniqueIdentifier>
    </Filter>
    <Filter Include="头文件\Stage\Stage1">
      <UniqueIdentifier>{7e8ec988-6fbf-4951-8fed-dc5ad415db26}</UniqueIdentifier>
    </Filter>
    <Filter Include="源文件\Stage\Stage1">
      <UniqueIdentifier>{44485e76-e935-4267-858f-acfe90251c6a}</UniqueIdentifier>
    </Filter>
    <Filter Include="头文件\THEngine\Effect">
      <UniqueIdentifier>{83ee65b9-95cd-4871-bc09-e5da8d4f15de}</UniqueIdentifier>
    </Filter>
    <Filter Include="源文件\THEngine\Effect">
      <UniqueIdentifier>{33085751-3726-48ea-83cf-480ed848360a}</UniqueIdentifier>
    </Filter>
    <Filter Include="源文件\THEngine\THSound">
      <UniqueIdentifier>{d4919ef8-7502-429b-a925-73ce3278825b}</UniqueIdentifier>
    </Filter>
    <Filter Include="头文件\THEngine\THSound">
      <UniqueIdentifier>{eccb07e8-db93-4709-a494-4d7ea69249e6}</UniqueIdentifier>
    </Filter>
    <Filter Include="fx">
      <UniqueIdentifier>{069d8d47-f409-4a2e-b010-6b01f6ba479e}</UniqueIdentifier>
    </Filter>
  </ItemGroup>
  <ItemGroup>
    <Text Include="ReadMe.txt" />
  </ItemGroup>
  <ItemGroup>
    <ClInclude Include="src\stdafx.h">
      <Filter>头文件</Filter>
    </ClInclude>
    <ClInclude Include="src\THXYY.h">
      <Filter>头文件</Filter>
    </ClInclude>
    <ClInclude Include="resource.h">
      <Filter>头文件</Filter>
    </ClInclude>
    <ClInclude Include="src\targetver.h">
      <Filter>头文件</Filter>
    </ClInclude>
    <ClInclude Include="src\THEngine\Engine_Core.h">
      <Filter>头文件\THEngine</Filter>
    </ClInclude>
    <ClInclude Include="src\THEngine\RenderObject.h">
      <Filter>头文件\THEngine</Filter>
    </ClInclude>
    <ClInclude Include="src\THEngine\THCommon.h">
      <Filter>头文件\THEngine</Filter>
    </ClInclude>
    <ClInclude Include="src\THEngine\THEngine.h">
      <Filter>头文件\THEngine</Filter>
    </ClInclude>
    <ClInclude Include="src\THEngine\THPlayer.h">
      <Filter>头文件\THEngine</Filter>
    </ClInclude>
    <ClInclude Include="src\Player.h">
      <Filter>头文件</Filter>
    </ClInclude>
    <ClInclude Include="src\THEngine\RenderList.h">
      <Filter>头文件\THEngine</Filter>
    </ClInclude>
    <ClInclude Include="src\THEngine\THEnemy.h">
      <Filter>头文件\THEngine</Filter>
    </ClInclude>
    <ClInclude Include="src\THEngine\THStage.h">
      <Filter>头文件\THEngine</Filter>
    </ClInclude>
    <ClInclude Include="src\Stage\Stage1\Stage1.h">
      <Filter>头文件\Stage\Stage1</Filter>
    </ClInclude>
    <ClInclude Include="src\Stage\Stage1\Enemy1.h">
      <Filter>头文件\Stage\Stage1</Filter>
    </ClInclude>
    <ClInclude Include="src\THEngine\THBullet.h">
      <Filter>头文件\THEngine</Filter>
    </ClInclude>
    <ClInclude Include="src\THEngine\Effect\THFog.h">
      <Filter>头文件\THEngine\Effect</Filter>
    </ClInclude>
    <ClInclude Include="src\PlayerBullet.h">
      <Filter>头文件</Filter>
    </ClInclude>
    <ClInclude Include="src\THEngine\Effect\THMaple.h">
      <Filter>头文件\THEngine\Effect</Filter>
    </ClInclude>
    <ClInclude Include="src\THEngine\THItem.h">
      <Filter>头文件\THEngine</Filter>
    </ClInclude>
    <ClInclude Include="src\THEngine\THSound\CWaveFile.h">
      <Filter>头文件\THEngine\THSound</Filter>
    </ClInclude>
    <ClInclude Include="src\THEngine\THEvent.h">
      <Filter>头文件\THEngine</Filter>
    </ClInclude>
    <ClInclude Include="src\THEngine\THSprite.h">
      <Filter>头文件\THEngine</Filter>
    </ClInclude>
    <ClInclude Include="src\THEngine\Effect\THBiuEffect.h">
      <Filter>头文件\THEngine\Effect</Filter>
    </ClInclude>
  </ItemGroup>
  <ItemGroup>
    <ResourceCompile Include="THXYY.rc">
      <Filter>资源文件</Filter>
    </ResourceCompile>
  </ItemGroup>
  <ItemGroup>
    <Image Include="small.ico">
      <Filter>资源文件</Filter>
    </Image>
    <Image Include="THXYY.ico">
      <Filter>资源文件</Filter>
    </Image>
  </ItemGroup>
  <ItemGroup>
    <ClCompile Include="src\stdafx.cpp">
      <Filter>源文件</Filter>
    </ClCompile>
    <ClCompile Include="src\main.cpp">
      <Filter>源文件</Filter>
    </ClCompile>
    <ClCompile Include="src\THXYY.cpp">
      <Filter>源文件</Filter>
    </ClCompile>
    <ClCompile Include="src\THEngine\Engine_Core.cpp">
      <Filter>源文件\THEngine</Filter>
    </ClCompile>
    <ClCompile Include="src\THEngine\RenderObject.cpp">
      <Filter>源文件\THEngine</Filter>
    </ClCompile>
    <ClCompile Include="src\THEngine\THCommon.cpp">
      <Filter>源文件\THEngine</Filter>
    </ClCompile>
    <ClCompile Include="src\THEngine\THPlayer.cpp">
      <Filter>源文件\THEngine</Filter>
    </ClCompile>
    <ClCompile Include="src\Player.cpp">
      <Filter>源文件</Filter>
    </ClCompile>
    <ClCompile Include="src\THEngine\THEnemy.cpp">
      <Filter>源文件\THEngine</Filter>
    </ClCompile>
    <ClCompile Include="src\THEngine\THStage.cpp">
      <Filter>源文件\THEngine</Filter>
    </ClCompile>
    <ClCompile Include="src\Stage\Stage1\Stage1.cpp">
      <Filter>源文件\Stage\Stage1</Filter>
    </ClCompile>
    <ClCompile Include="src\Stage\Stage1\Enemy1.cpp">
      <Filter>源文件\Stage\Stage1</Filter>
    </ClCompile>
    <ClCompile Include="src\THEngine\THBullet.cpp">
      <Filter>源文件\THEngine</Filter>
    </ClCompile>
    <ClCompile Include="src\THEngine\Effect\THFog.cpp">
      <Filter>源文件\THEngine\Effect</Filter>
    </ClCompile>
    <ClCompile Include="src\PlayerBullet.cpp">
      <Filter>源文件</Filter>
    </ClCompile>
    <ClCompile Include="src\THEngine\Effect\THMaple.cpp">
      <Filter>源文件\THEngine\Effect</Filter>
    </ClCompile>
    <ClCompile Include="src\THEngine\THItem.cpp">
      <Filter>源文件\THEngine</Filter>
    </ClCompile>
    <ClCompile Include="src\THEngine\THSound\CWaveFile.cpp">
      <Filter>源文件\THEngine\THSound</Filter>
    </ClCompile>
    <ClCompile Include="src\THEngine\THEvent.cpp">
      <Filter>源文件\THEngine</Filter>
    </ClCompile>
    <ClCompile Include="src\THEngine\THSprite.cpp">
      <Filter>源文件\THEngine</Filter>
    </ClCompile>
    <ClCompile Include="src\THEngine\Effect\THBiuEffect.cpp">
      <Filter>源文件\THEngine\Effect</Filter>
    </ClCompile>
  </ItemGroup>
  <ItemGroup>
    <None Include="fx\Filter.fx">
      <Filter>fx</Filter>
    </None>
    <None Include="fx\sprite.fx">
      <Filter>fx</Filter>
    </None>
  </ItemGroup>
</Project>