<?xml version="1.0" encoding="utf-8"?>
<Project ToolsVersion="4.0" xmlns="http://schemas.microsoft.com/developer/msbuild/2003">
  <ItemGroup>
    <Filter Include="源文件">
      <UniqueIdentifier>{4FC737F1-C7A5-4376-A066-2A32D752A2FF}</UniqueIdentifier>
      <Extensions>cpp;c;cc;cxx;def;odl;idl;hpj;bat;asm;asmx</Extensions>
    </Filter>
    <Filter Include="头文件">
      <UniqueIdentifier>{93995380-89BD-4b04-88EB-625FBE52EBFB}</UniqueIdentifier>
      <Extensions>h;hh;hpp;hxx;hm;inl;inc;xsd</Extensions>
    </Filter>
    <Filter Include="资源文件">
      <UniqueIdentifier>{67DA6AB6-F800-4c08-8B7A-83BB121AAD01}</UniqueIdentifier>
      <Extensions>rc;ico;cur;bmp;dlg;rc2;rct;bin;rgs;gif;jpg;jpeg;jpe;resx;tiff;tif;png;wav;mfcribbon-ms</Extensions>
    </Filter>
  </ItemGroup>
  <ItemGroup>
    <ClInclude Include="resource.h">
      <Filter>头文件</Filter>
    </ClInclude>
    <ClInclude Include="src\THXYY\GameConfig.h">
      <Filter>头文件</Filter>
    </ClInclude>
    <ClInclude Include="src\THXYY\StartupDialog.h">
      <Filter>头文件</Filter>
    </ClInclude>
    <ClInclude Include="src\THXYY\THXYY.h">
      <Filter>头文件</Filter>
    </ClInclude>
    <ClInclude Include="src\Enemy\Stage01\Enemy01_001.h">
      <Filter>头文件</Filter>
    </ClInclude>
    <ClInclude Include="src\Enemy\Stage01\Enemy01_002.h">
      <Filter>头文件</Filter>
    </ClInclude>
    <ClInclude Include="src\Enemy\Stage01\Enemy01_003.h">
      <Filter>头文件</Filter>
    </ClInclude>
    <ClInclude Include="src\Player\Reimu.h">
      <Filter>头文件</Filter>
    </ClInclude>
    <ClInclude Include="src\Player\ReimuBomb1.h">
      <Filter>头文件</Filter>
    </ClInclude>
    <ClInclude Include="src\Player\ReimuBullet.h">
      <Filter>头文件</Filter>
    </ClInclude>
    <ClInclude Include="src\Player\ReimuSubPlane.h">
      <Filter>头文件</Filter>
    </ClInclude>
    <ClInclude Include="src\Player\ReimuSubPlaneBullet.h">
      <Filter>头文件</Filter>
    </ClInclude>
    <ClInclude Include="src\Scene\Game\GameScene.h">
      <Filter>头文件</Filter>
    </ClInclude>
    <ClInclude Include="src\Scene\Game\GrazeNumber.h">
      <Filter>头文件</Filter>
    </ClInclude>
    <ClInclude Include="src\Scene\Game\ItemLine.h">
      <Filter>头文件</Filter>
    </ClInclude>
    <ClInclude Include="src\Scene\Game\PauseMenu.h">
      <Filter>头文件</Filter>
    </ClInclude>
    <ClInclude Include="src\Scene\Game\PauseMenuItem.h">
      <Filter>头文件</Filter>
    </ClInclude>
    <ClInclude Include="src\Scene\Game\PointNumber.h">
      <Filter>头文件</Filter>
    </ClInclude>
    <ClInclude Include="src\Scene\Game\PowerNumber.h">
      <Filter>头文件</Filter>
    </ClInclude>
    <ClInclude Include="src\Scene\Game\ScoreNumber.h">
      <Filter>头文件</Filter>
    </ClInclude>
    <ClInclude Include="src\Scene\Game\STGLayer.h">
      <Filter>头文件</Filter>
    </ClInclude>
    <ClInclude Include="src\Scene\Game\STGParticleLayer.h">
      <Filter>头文件</Filter>
    </ClInclude>
    <ClInclude Include="src\Scene\Game\YesNoMenu.h">
      <Filter>头文件</Filter>
    </ClInclude>
    <ClInclude Include="src\Scene\Select\RankSelectMenu.h">
      <Filter>头文件</Filter>
    </ClInclude>
    <ClInclude Include="src\Scene\Select\RankSelectMenuItem.h">
      <Filter>头文件</Filter>
    </ClInclude>
    <ClInclude Include="src\Scene\Select\SelectScene.h">
      <Filter>头文件</Filter>
    </ClInclude>
    <ClInclude Include="src\Scene\Select\SelectTitle.h">
      <Filter>头文件</Filter>
    </ClInclude>
    <ClInclude Include="src\Scene\Select\StarParticle.h">
      <Filter>头文件</Filter>
    </ClInclude>
    <ClInclude Include="src\Scene\Title\ParticleLayer.h">
      <Filter>头文件</Filter>
    </ClInclude>
    <ClInclude Include="src\Scene\Title\SakuraParticle.h">
      <Filter>头文件</Filter>
    </ClInclude>
    <ClInclude Include="src\Scene\Title\Title.h">
      <Filter>头文件</Filter>
    </ClInclude>
    <ClInclude Include="src\Scene\Title\TitleMenu.h">
      <Filter>头文件</Filter>
    </ClInclude>
    <ClInclude Include="src\Scene\Title\TitleMenuItem.h">
      <Filter>头文件</Filter>
    </ClInclude>
    <ClInclude Include="src\Stage\Stage01\Stage01.h">
      <Filter>头文件</Filter>
    </ClInclude>
    <ClInclude Include="src\STGCore\Bullet\Bullet.h">
      <Filter>头文件</Filter>
    </ClInclude>
    <ClInclude Include="src\STGCore\Bullet\BulletColor.h">
      <Filter>头文件</Filter>
    </ClInclude>
    <ClInclude Include="src\STGCore\Bullet\BulletType.h">
      <Filter>头文件</Filter>
    </ClInclude>
    <ClInclude Include="src\STGCore\Bullet\ConcreteBulletType.h">
      <Filter>头文件</Filter>
    </ClInclude>
    <ClInclude Include="src\STGCore\Bullet\HitChecker.h">
      <Filter>头文件</Filter>
    </ClInclude>
    <ClInclude Include="src\STGCore\Bullet\Laser.h">
      <Filter>头文件</Filter>
    </ClInclude>
    <ClInclude Include="src\STGCore\Effect\BulletFog.h">
      <Filter>头文件</Filter>
    </ClInclude>
    <ClInclude Include="src\STGCore\Enemy\ButterFly.h">
      <Filter>头文件</Filter>
    </ClInclude>
    <ClInclude Include="src\STGCore\Enemy\Enemy.h">
      <Filter>头文件</Filter>
    </ClInclude>
    <ClInclude Include="src\STGCore\Enemy\Fairy.h">
      <Filter>头文件</Filter>
    </ClInclude>
    <ClInclude Include="src\STGCore\Item\Item.h">
      <Filter>头文件</Filter>
    </ClInclude>
    <ClInclude Include="src\STGCore\Item\PowerItemSmall.h">
      <Filter>头文件</Filter>
    </ClInclude>
    <ClInclude Include="src\STGCore\Item\ScoreItem.h">
      <Filter>头文件</Filter>
    </ClInclude>
    <ClInclude Include="src\STGCore\Player\Player.h">
      <Filter>头文件</Filter>
    </ClInclude>
    <ClInclude Include="src\STGCore\Player\PlayerBullet.h">
      <Filter>头文件</Filter>
    </ClInclude>
    <ClInclude Include="src\STGCore\Player\PlayerCenter.h">
      <Filter>头文件</Filter>
    </ClInclude>
    <ClInclude Include="src\STGCore\Player\SubPlane.h">
      <Filter>头文件</Filter>
    </ClInclude>
    <ClInclude Include="src\STGCore\API.h">
      <Filter>头文件</Filter>
    </ClInclude>
    <ClInclude Include="src\STGCore\Global.h">
      <Filter>头文件</Filter>
    </ClInclude>
    <ClInclude Include="src\STGCore\Stage.h">
      <Filter>头文件</Filter>
    </ClInclude>
    <ClInclude Include="src\STGCore\STGCore.h">
      <Filter>头文件</Filter>
    </ClInclude>
    <ClInclude Include="src\STGCore\STGEngine.h">
      <Filter>头文件</Filter>
    </ClInclude>
    <ClInclude Include="src\STGCore\STGResources.h">
      <Filter>头文件</Filter>
    </ClInclude>
    <ClInclude Include="src\STGCore\STGUtil.h">
      <Filter>头文件</Filter>
    </ClInclude>
  </ItemGroup>
  <ItemGroup>
    <ClCompile Include="src\main.cpp">
      <Filter>源文件</Filter>
    </ClCompile>
    <ClCompile Include="src\THXYY\GameConfig.cpp">
      <Filter>源文件</Filter>
    </ClCompile>
    <ClCompile Include="src\THXYY\StartupDialog.cpp">
      <Filter>源文件</Filter>
    </ClCompile>
    <ClCompile Include="src\THXYY\THXYY.cpp">
      <Filter>源文件</Filter>
    </ClCompile>
    <ClCompile Include="src\Enemy\Stage01\Enemy01_001.cpp">
      <Filter>源文件</Filter>
    </ClCompile>
    <ClCompile Include="src\Enemy\Stage01\Enemy01_002.cpp">
      <Filter>源文件</Filter>
    </ClCompile>
    <ClCompile Include="src\Enemy\Stage01\Enemy01_003.cpp">
      <Filter>源文件</Filter>
    </ClCompile>
    <ClCompile Include="src\Player\Reimu.cpp">
      <Filter>源文件</Filter>
    </ClCompile>
    <ClCompile Include="src\Player\ReimuBomb1.cpp">
      <Filter>源文件</Filter>
    </ClCompile>
    <ClCompile Include="src\Player\ReimuBullet.cpp">
      <Filter>源文件</Filter>
    </ClCompile>
    <ClCompile Include="src\Player\ReimuSubPlane.cpp">
      <Filter>源文件</Filter>
    </ClCompile>
    <ClCompile Include="src\Player\ReimuSubPlaneBullet.cpp">
      <Filter>源文件</Filter>
    </ClCompile>
    <ClCompile Include="src\Scene\Game\GameScene.cpp">
      <Filter>源文件</Filter>
    </ClCompile>
    <ClCompile Include="src\Scene\Game\GrazeNumber.cpp">
      <Filter>源文件</Filter>
    </ClCompile>
    <ClCompile Include="src\Scene\Game\ItemLine.cpp">
      <Filter>源文件</Filter>
    </ClCompile>
    <ClCompile Include="src\Scene\Game\PauseMenu.cpp">
      <Filter>源文件</Filter>
    </ClCompile>
    <ClCompile Include="src\Scene\Game\PauseMenuItem.cpp">
      <Filter>源文件</Filter>
    </ClCompile>
    <ClCompile Include="src\Scene\Game\PointNumber.cpp">
      <Filter>源文件</Filter>
    </ClCompile>
    <ClCompile Include="src\Scene\Game\PowerNumber.cpp">
      <Filter>源文件</Filter>
    </ClCompile>
    <ClCompile Include="src\Scene\Game\ScoreNumber.cpp">
      <Filter>源文件</Filter>
    </ClCompile>
    <ClCompile Include="src\Scene\Game\STGLayer.cpp">
      <Filter>源文件</Filter>
    </ClCompile>
    <ClCompile Include="src\Scene\Game\STGParticleLayer.cpp">
      <Filter>源文件</Filter>
    </ClCompile>
    <ClCompile Include="src\Scene\Game\YesNoMenu.cpp">
      <Filter>源文件</Filter>
    </ClCompile>
    <ClCompile Include="src\Scene\Select\RankSelectMenu.cpp">
      <Filter>源文件</Filter>
    </ClCompile>
    <ClCompile Include="src\Scene\Select\RankSelectMenuItem.cpp">
      <Filter>源文件</Filter>
    </ClCompile>
    <ClCompile Include="src\Scene\Select\SelectScene.cpp">
      <Filter>源文件</Filter>
    </ClCompile>
    <ClCompile Include="src\Scene\Select\SelectTitle.cpp">
      <Filter>源文件</Filter>
    </ClCompile>
    <ClCompile Include="src\Scene\Select\StarParticle.cpp">
      <Filter>源文件</Filter>
    </ClCompile>
    <ClCompile Include="src\Scene\Title\ParticleLayer.cpp">
      <Filter>源文件</Filter>
    </ClCompile>
    <ClCompile Include="src\Scene\Title\SakuraParticle.cpp">
      <Filter>源文件</Filter>
    </ClCompile>
    <ClCompile Include="src\Scene\Title\Title.cpp">
      <Filter>源文件</Filter>
    </ClCompile>
    <ClCompile Include="src\Scene\Title\TitleMenu.cpp">
      <Filter>源文件</Filter>
    </ClCompile>
    <ClCompile Include="src\Scene\Title\TitleMenuItem.cpp">
      <Filter>源文件</Filter>
    </ClCompile>
    <ClCompile Include="src\Stage\Stage01\Stage01.cpp">
      <Filter>源文件</Filter>
    </ClCompile>
    <ClCompile Include="src\STGCore\Bullet\Bullet.cpp">
      <Filter>源文件</Filter>
    </ClCompile>
    <ClCompile Include="src\STGCore\Bullet\ConcreteBulletType.cpp">
      <Filter>源文件</Filter>
    </ClCompile>
    <ClCompile Include="src\STGCore\Bullet\HitChecker.cpp">
      <Filter>源文件</Filter>
    </ClCompile>
    <ClCompile Include="src\STGCore\Bullet\Laser.cpp">
      <Filter>源文件</Filter>
    </ClCompile>
    <ClCompile Include="src\STGCore\Effect\BulletFog.cpp">
      <Filter>源文件</Filter>
    </ClCompile>
    <ClCompile Include="src\STGCore\Enemy\ButterFly.cpp">
      <Filter>源文件</Filter>
    </ClCompile>
    <ClCompile Include="src\STGCore\Enemy\Enemy.cpp">
      <Filter>源文件</Filter>
    </ClCompile>
    <ClCompile Include="src\STGCore\Enemy\Fairy.cpp">
      <Filter>源文件</Filter>
    </ClCompile>
    <ClCompile Include="src\STGCore\Item\Item.cpp">
      <Filter>源文件</Filter>
    </ClCompile>
    <ClCompile Include="src\STGCore\Item\PowerItemSmall.cpp">
      <Filter>源文件</Filter>
    </ClCompile>
    <ClCompile Include="src\STGCore\Item\ScoreItem.cpp">
      <Filter>源文件</Filter>
    </ClCompile>
    <ClCompile Include="src\STGCore\Player\Player.cpp">
      <Filter>源文件</Filter>
    </ClCompile>
    <ClCompile Include="src\STGCore\Player\PlayerBullet.cpp">
      <Filter>源文件</Filter>
    </ClCompile>
    <ClCompile Include="src\STGCore\Player\PlayerCenter.cpp">
      <Filter>源文件</Filter>
    </ClCompile>
    <ClCompile Include="src\STGCore\Player\SubPlane.cpp">
      <Filter>源文件</Filter>
    </ClCompile>
    <ClCompile Include="src\STGCore\API.cpp">
      <Filter>源文件</Filter>
    </ClCompile>
    <ClCompile Include="src\STGCore\Global.cpp">
      <Filter>源文件</Filter>
    </ClCompile>
    <ClCompile Include="src\STGCore\Stage.cpp">
      <Filter>源文件</Filter>
    </ClCompile>
    <ClCompile Include="src\STGCore\STGEngine.cpp">
      <Filter>源文件</Filter>
    </ClCompile>
    <ClCompile Include="src\STGCore\STGResources.cpp">
      <Filter>源文件</Filter>
    </ClCompile>
    <ClCompile Include="src\STGCore\STGUtil.cpp">
      <Filter>源文件</Filter>
    </ClCompile>
  </ItemGroup>
  <ItemGroup>
    <ResourceCompile Include="THXYY.rc">
      <Filter>资源文件</Filter>
    </ResourceCompile>
  </ItemGroup>
  <ItemGroup>
    <Image Include="res\icon\THXYY.ico">
      <Filter>资源文件</Filter>
    </Image>
    <Image Include="res\icon\small.ico">
      <Filter>资源文件</Filter>
    </Image>
  </ItemGroup>
</Project>