<?xml version="1.0" encoding="utf-8"?>
<Project ToolsVersion="4.0" xmlns="http://schemas.microsoft.com/developer/msbuild/2003">
  <ItemGroup>
    <Filter Include="源文件">
      <UniqueIdentifier>{4FC737F1-C7A5-4376-A066-2A32D752A2FF}</UniqueIdentifier>
      <Extensions>cpp;c;cc;cxx;def;odl;idl;hpj;bat;asm;asmx</Extensions>
    </Filter>
    <Filter Include="头文件">
      <UniqueIdentifier>{93995380-89BD-4b04-88EB-625FBE52EBFB}</UniqueIdentifier>
      <Extensions>h;hh;hpp;hxx;hm;inl;inc;xsd</Extensions>
    </Filter>
    <Filter Include="资源文件">
      <UniqueIdentifier>{67DA6AB6-F800-4c08-8B7A-83BB121AAD01}</UniqueIdentifier>
      <Extensions>rc;ico;cur;bmp;dlg;rc2;rct;bin;rgs;gif;jpg;jpeg;jpe;resx;tiff;tif;png;wav;mfcribbon-ms</Extensions>
    </Filter>
    <Filter Include="头文件\THEngine">
      <UniqueIdentifier>{64a9da4a-5cbc-4668-95d8-38768d9a9a12}</UniqueIdentifier>
    </Filter>
    <Filter Include="头文件\THEngine\Common">
      <UniqueIdentifier>{bf522910-69dc-4e58-9a08-233af7aeab6b}</UniqueIdentifier>
    </Filter>
    <Filter Include="头文件\THEngine\Platform">
      <UniqueIdentifier>{b0bdbea2-4df9-455d-9388-3dcd9d759686}</UniqueIdentifier>
    </Filter>
    <Filter Include="头文件\THEngine\Math">
      <UniqueIdentifier>{2d983ee0-3cc1-440a-9e66-c9f0b9e582bd}</UniqueIdentifier>
    </Filter>
    <Filter Include="头文件\THEngine\Core">
      <UniqueIdentifier>{87b6929a-1b73-490f-a270-d1f8f4d5985d}</UniqueIdentifier>
    </Filter>
    <Filter Include="源文件\THEngine">
      <UniqueIdentifier>{67c3a512-26c3-4130-a316-7ac95d15d8a4}</UniqueIdentifier>
    </Filter>
    <Filter Include="源文件\THEngine\Core">
      <UniqueIdentifier>{073c810d-894d-4dfd-a21b-8d34b3e4b3a4}</UniqueIdentifier>
    </Filter>
    <Filter Include="源文件\THEngine\Common">
      <UniqueIdentifier>{bcbe6e70-86cc-4546-aff6-de34e8e24333}</UniqueIdentifier>
    </Filter>
    <Filter Include="源文件\THEngine\Platform">
      <UniqueIdentifier>{1b282bbe-484b-403d-a0e6-d1f2f7c7a03f}</UniqueIdentifier>
    </Filter>
    <Filter Include="源文件\THEngine\Math">
      <UniqueIdentifier>{03d2e5d4-bd51-4080-b4b6-fbf1576d0536}</UniqueIdentifier>
    </Filter>
    <Filter Include="头文件\Scene">
      <UniqueIdentifier>{6a2e79de-efe2-4788-b9e0-d76014578525}</UniqueIdentifier>
    </Filter>
    <Filter Include="源文件\THEngine\Renderer">
      <UniqueIdentifier>{737c3a2f-4ef6-41b7-ab46-e37a0638a0ef}</UniqueIdentifier>
    </Filter>
    <Filter Include="头文件\THEngine\Renderer">
      <UniqueIdentifier>{27aa410f-7f04-4924-bf5f-0a3e5bfef9b5}</UniqueIdentifier>
    </Filter>
    <Filter Include="头文件\THEngine\Asset">
      <UniqueIdentifier>{89b12fe1-1b36-419b-9599-94f4abfe9eec}</UniqueIdentifier>
    </Filter>
    <Filter Include="源文件\THEngine\Asset">
      <UniqueIdentifier>{235aa84a-361f-4a9a-93b1-1e2da241b8cb}</UniqueIdentifier>
    </Filter>
    <Filter Include="头文件\THEngine\UI">
      <UniqueIdentifier>{5a91fc05-228a-4d62-87b4-728e0eafcbaf}</UniqueIdentifier>
    </Filter>
    <Filter Include="源文件\THEngine\UI">
      <UniqueIdentifier>{d4507570-3cc3-48da-9cd4-69770c241929}</UniqueIdentifier>
    </Filter>
    <Filter Include="头文件\Scene\Title">
      <UniqueIdentifier>{74876f8c-5bac-4935-b4b2-cdab7a01272f}</UniqueIdentifier>
    </Filter>
    <Filter Include="头文件\Scene\Game">
      <UniqueIdentifier>{82a1233d-a15b-4218-8aab-a9b5b49f31a9}</UniqueIdentifier>
    </Filter>
    <Filter Include="头文件\STGCore">
      <UniqueIdentifier>{6039e895-fb02-4e6c-be07-cdb351fcd7b8}</UniqueIdentifier>
    </Filter>
    <Filter Include="源文件\STGCore">
      <UniqueIdentifier>{56c0db66-9658-4a6c-82b2-1e11ac661e08}</UniqueIdentifier>
    </Filter>
    <Filter Include="头文件\Player">
      <UniqueIdentifier>{6a5e3a6c-2a2e-4370-a501-4af2f0cae9ba}</UniqueIdentifier>
    </Filter>
    <Filter Include="源文件\Player">
      <UniqueIdentifier>{74743960-7933-4aac-8d66-44e6b1e2595c}</UniqueIdentifier>
    </Filter>
    <Filter Include="源文件\Stage">
      <UniqueIdentifier>{646e73e6-657e-4eee-8cdb-a6415f080866}</UniqueIdentifier>
    </Filter>
    <Filter Include="头文件\STGCore\Enemy">
      <UniqueIdentifier>{73d899f2-82f9-4bb4-8bfd-88d833f5c3fc}</UniqueIdentifier>
    </Filter>
    <Filter Include="源文件\STGCore\Enemy">
      <UniqueIdentifier>{e174590b-f123-4ea0-b524-f3005c6e2113}</UniqueIdentifier>
    </Filter>
    <Filter Include="头文件\Enemy">
      <UniqueIdentifier>{dabdb494-100e-4056-849f-3b093b695e6f}</UniqueIdentifier>
    </Filter>
    <Filter Include="头文件\Enemy\Stage01">
      <UniqueIdentifier>{ad3f7ab8-f4ae-4e2b-9063-ee7dfcfdc419}</UniqueIdentifier>
    </Filter>
    <Filter Include="源文件\Enemy">
      <UniqueIdentifier>{4c7c7acf-db43-41ab-9545-1e40bcbb9b96}</UniqueIdentifier>
    </Filter>
    <Filter Include="源文件\Enemy\Stage01">
      <UniqueIdentifier>{53fa1574-0bbf-4655-913e-88246e0da8a1}</UniqueIdentifier>
    </Filter>
    <Filter Include="头文件\STGCore\Bullet">
      <UniqueIdentifier>{e5e17759-8349-4db2-b70f-27ecc82299c7}</UniqueIdentifier>
    </Filter>
    <Filter Include="源文件\STGCore\Bullet">
      <UniqueIdentifier>{c62cf325-31a1-49bf-a839-a02c03653898}</UniqueIdentifier>
    </Filter>
    <Filter Include="头文件\STGCore\Effect">
      <UniqueIdentifier>{9c84e424-4b6e-4e21-9472-a651b47c06f3}</UniqueIdentifier>
    </Filter>
    <Filter Include="源文件\STGCore\Effect">
      <UniqueIdentifier>{c3a712f3-e884-45a4-a0e4-03d3edd488b2}</UniqueIdentifier>
    </Filter>
    <Filter Include="头文件\THEngine\Platform\External">
      <UniqueIdentifier>{24f388b8-e988-48c3-a64f-2a8f8b881dee}</UniqueIdentifier>
    </Filter>
    <Filter Include="源文件\THEngine\Platform\External">
      <UniqueIdentifier>{bf990464-dfb9-45c5-9556-b0342cb174b1}</UniqueIdentifier>
    </Filter>
    <Filter Include="头文件\THEngine\Tween">
      <UniqueIdentifier>{2295133a-5d7c-4d79-86af-fdd7aebf5ddd}</UniqueIdentifier>
    </Filter>
    <Filter Include="源文件\THEngine\Tween">
      <UniqueIdentifier>{1fc2ae9c-b250-4265-98e6-ebdb90b8b1d6}</UniqueIdentifier>
    </Filter>
    <Filter Include="头文件\Stage">
      <UniqueIdentifier>{b62e219c-9746-46c1-9c98-cab0d79e81b4}</UniqueIdentifier>
    </Filter>
    <Filter Include="头文件\STGCore\Item">
      <UniqueIdentifier>{6f9940f4-9f09-4b0a-b771-275bbef00f3f}</UniqueIdentifier>
    </Filter>
    <Filter Include="源文件\Scene">
      <UniqueIdentifier>{1dce69fc-b94b-4c36-ba34-1642efd261c4}</UniqueIdentifier>
    </Filter>
    <Filter Include="源文件\Scene\Title">
      <UniqueIdentifier>{942e1867-e621-4e2a-83ff-9c725fe56214}</UniqueIdentifier>
    </Filter>
    <Filter Include="源文件\Scene\Game">
      <UniqueIdentifier>{1de96ede-ab6c-4162-ba9f-0a8347710143}</UniqueIdentifier>
    </Filter>
    <Filter Include="头文件\THEngine\Core\3D">
      <UniqueIdentifier>{fd3aaac3-aa9b-4e87-bd2a-6fb80557f0b8}</UniqueIdentifier>
    </Filter>
    <Filter Include="源文件\THEngine\Core\3D">
      <UniqueIdentifier>{e0fb20f2-1279-4f90-84d0-04aea1ef669a}</UniqueIdentifier>
    </Filter>
    <Filter Include="fx">
      <UniqueIdentifier>{81cc9162-9593-4a72-a432-8f5fde24c198}</UniqueIdentifier>
    </Filter>
    <Filter Include="源文件\Stage\Stage01">
      <UniqueIdentifier>{e2eb73a5-cb23-491c-affe-f5c5a3a9c0b4}</UniqueIdentifier>
    </Filter>
    <Filter Include="头文件\Stage\Stage01">
      <UniqueIdentifier>{c431ddba-06f4-4114-82ec-f3590c8bb1e5}</UniqueIdentifier>
    </Filter>
    <Filter Include="头文件\STGCore\Player">
      <UniqueIdentifier>{6f992a7c-7c21-4f34-9fdb-2b22be4c9847}</UniqueIdentifier>
    </Filter>
    <Filter Include="源文件\STGCore\Player">
      <UniqueIdentifier>{55801f6b-1beb-4971-9a4f-81650edb7a0d}</UniqueIdentifier>
    </Filter>
    <Filter Include="源文件\STGCore\Item">
      <UniqueIdentifier>{836df9b3-3a1b-439f-9ec9-8d9a0c2c9bb1}</UniqueIdentifier>
    </Filter>
    <Filter Include="头文件\THEngine\Util">
      <UniqueIdentifier>{df9f67cf-53fd-4d55-a117-8bf84a4fdfb6}</UniqueIdentifier>
    </Filter>
    <Filter Include="源文件\THEngine\Util">
      <UniqueIdentifier>{be491496-987d-4d52-840e-393964af0673}</UniqueIdentifier>
    </Filter>
    <Filter Include="源文件\Scene\Select">
      <UniqueIdentifier>{ac50786c-32e9-4954-998a-ea6a9414640e}</UniqueIdentifier>
    </Filter>
    <Filter Include="头文件\Scene\Select">
      <UniqueIdentifier>{78939e10-c763-4598-bcde-6fb053a07077}</UniqueIdentifier>
    </Filter>
    <Filter Include="头文件\THEngine\Async">
      <UniqueIdentifier>{b031793e-69bb-4732-8ae0-1a0fafd9c65c}</UniqueIdentifier>
    </Filter>
    <Filter Include="源文件\THEngine\Async">
      <UniqueIdentifier>{b3a9f036-d31f-45e1-8a16-1ffda735fe90}</UniqueIdentifier>
    </Filter>
    <Filter Include="头文件\THXYY">
      <UniqueIdentifier>{e011d138-2014-4f45-8355-e837944d8f20}</UniqueIdentifier>
    </Filter>
    <Filter Include="源文件\THXYY">
      <UniqueIdentifier>{6a3cdf4d-3540-4fd6-990e-5e330f48762a}</UniqueIdentifier>
    </Filter>
  </ItemGroup>
  <ItemGroup>
    <ClCompile Include="src\main.cpp">
      <Filter>源文件</Filter>
    </ClCompile>
    <ClCompile Include="src\THEngine\Common\THCommon.cpp">
      <Filter>源文件\THEngine\Common</Filter>
    </ClCompile>
    <ClCompile Include="src\THEngine\Common\THLogger.cpp">
      <Filter>源文件\THEngine\Common</Filter>
    </ClCompile>
    <ClCompile Include="src\THEngine\Common\THObject.cpp">
      <Filter>源文件\THEngine\Common</Filter>
    </ClCompile>
    <ClCompile Include="src\THEngine\Common\THString.cpp">
      <Filter>源文件\THEngine\Common</Filter>
    </ClCompile>
    <ClCompile Include="src\THEngine\Core\THGame.cpp">
      <Filter>源文件\THEngine\Core</Filter>
    </ClCompile>
    <ClCompile Include="src\THEngine\Core\THLayer.cpp">
      <Filter>源文件\THEngine\Core</Filter>
    </ClCompile>
    <ClCompile Include="src\THEngine\Core\THScene.cpp">
      <Filter>源文件\THEngine\Core</Filter>
    </ClCompile>
    <ClCompile Include="src\THEngine\Platform\THApplication.cpp">
      <Filter>源文件\THEngine\Platform</Filter>
    </ClCompile>
    <ClCompile Include="src\THEngine\Core\THGameObject.cpp">
      <Filter>源文件\THEngine\Core</Filter>
    </ClCompile>
    <ClCompile Include="src\THEngine\Renderer\THRenderQueue.cpp">
      <Filter>源文件\THEngine\Renderer</Filter>
    </ClCompile>
    <ClCompile Include="src\THEngine\Core\THSprite.cpp">
      <Filter>源文件\THEngine\Core</Filter>
    </ClCompile>
    <ClCompile Include="src\THEngine\Asset\THAssetManager.cpp">
      <Filter>源文件\THEngine\Asset</Filter>
    </ClCompile>
    <ClCompile Include="src\THEngine\Asset\THShader.cpp">
      <Filter>源文件\THEngine\Asset</Filter>
    </ClCompile>
    <ClCompile Include="src\THEngine\Asset\THTexture.cpp">
      <Filter>源文件\THEngine\Asset</Filter>
    </ClCompile>
    <ClCompile Include="src\THEngine\Core\THCamera.cpp">
      <Filter>源文件\THEngine\Core</Filter>
    </ClCompile>
    <ClCompile Include="src\THEngine\Asset\THImage.cpp">
      <Filter>源文件\THEngine\Asset</Filter>
    </ClCompile>
    <ClCompile Include="src\THEngine\Core\THFont.cpp">
      <Filter>源文件\THEngine\Core</Filter>
    </ClCompile>
    <ClCompile Include="src\THEngine\UI\THEventSystem.cpp">
      <Filter>源文件\THEngine\UI</Filter>
    </ClCompile>
    <ClCompile Include="src\Scene\Title\Title.cpp">
      <Filter>源文件\Scene\Title</Filter>
    </ClCompile>
    <ClCompile Include="src\Scene\Title\TitleMenu.cpp">
      <Filter>源文件\Scene\Title</Filter>
    </ClCompile>
    <ClCompile Include="src\StgCore\STGEngine.cpp">
      <Filter>源文件\STGCore</Filter>
    </ClCompile>
    <ClCompile Include="src\Scene\Game\GameScene.cpp">
      <Filter>源文件\Scene\Game</Filter>
    </ClCompile>
    <ClCompile Include="src\Scene\Game\ScoreNumber.cpp">
      <Filter>源文件\Scene\Game</Filter>
    </ClCompile>
    <ClCompile Include="src\Scene\Game\PowerNumber.cpp">
      <Filter>源文件\Scene\Game</Filter>
    </ClCompile>
    <ClCompile Include="src\Scene\Game\PointNumber.cpp">
      <Filter>源文件\Scene\Game</Filter>
    </ClCompile>
    <ClCompile Include="src\Scene\Game\GrazeNumber.cpp">
      <Filter>源文件\Scene\Game</Filter>
    </ClCompile>
    <ClCompile Include="src\Player\Reimu.cpp">
      <Filter>源文件\Player</Filter>
    </ClCompile>
    <ClCompile Include="src\Scene\Game\STGLayer.cpp">
      <Filter>源文件\Scene\Game</Filter>
    </ClCompile>
    <ClCompile Include="src\THEngine\Platform\THInput.cpp">
      <Filter>源文件\THEngine\Platform</Filter>
    </ClCompile>
    <ClCompile Include="src\STGCore\Stage.cpp">
      <Filter>源文件\STGCore</Filter>
    </ClCompile>
    <ClCompile Include="src\THEngine\Common\THEngineObject.cpp">
      <Filter>源文件\THEngine\Common</Filter>
    </ClCompile>
    <ClCompile Include="src\THEngine\Common\THScheduler.cpp">
      <Filter>源文件\THEngine\Common</Filter>
    </ClCompile>
    <ClCompile Include="src\THEngine\Common\THFrameTimer.cpp">
      <Filter>源文件\THEngine\Common</Filter>
    </ClCompile>
    <ClCompile Include="src\STGCore\Enemy\Enemy.cpp">
      <Filter>源文件\STGCore\Enemy</Filter>
    </ClCompile>
    <ClCompile Include="src\STGCore\API.cpp">
      <Filter>源文件\STGCore</Filter>
    </ClCompile>
    <ClCompile Include="src\Enemy\Stage01\Enemy01_001.cpp">
      <Filter>源文件\Enemy\Stage01</Filter>
    </ClCompile>
    <ClCompile Include="src\STGCore\Global.cpp">
      <Filter>源文件\STGCore</Filter>
    </ClCompile>
    <ClCompile Include="src\STGCore\Bullet\Bullet.cpp">
      <Filter>源文件\STGCore\Bullet</Filter>
    </ClCompile>
    <ClCompile Include="src\STGCore\Effect\BulletFog.cpp">
      <Filter>源文件\STGCore\Effect</Filter>
    </ClCompile>
    <ClCompile Include="src\THEngine\Platform\THAudio.cpp">
      <Filter>源文件\THEngine\Platform</Filter>
    </ClCompile>
    <ClCompile Include="src\THEngine\Platform\THSound.cpp">
      <Filter>源文件\THEngine\Platform</Filter>
    </ClCompile>
    <ClCompile Include="src\THEngine\Common\THExceptionManager.cpp">
      <Filter>源文件\THEngine\Common</Filter>
    </ClCompile>
    <ClCompile Include="src\THEngine\Platform\External\CWaveFile.cpp">
      <Filter>源文件\THEngine\Platform\External</Filter>
    </ClCompile>
    <ClCompile Include="src\THEngine\Common\THException.cpp">
      <Filter>源文件\THEngine\Common</Filter>
    </ClCompile>
    <ClCompile Include="src\STGCore\STGResources.cpp">
      <Filter>源文件\STGCore</Filter>
    </ClCompile>
    <ClCompile Include="src\Scene\Game\PauseMenu.cpp">
      <Filter>源文件\Scene\Game</Filter>
    </ClCompile>
    <ClCompile Include="src\THEngine\Tween\THTweener.cpp">
      <Filter>源文件\THEngine\Tween</Filter>
    </ClCompile>
    <ClCompile Include="src\THEngine\Tween\THTweenManager.cpp">
      <Filter>源文件\THEngine\Tween</Filter>
    </ClCompile>
    <ClCompile Include="src\THEngine\Tween\THTween.cpp">
      <Filter>源文件\THEngine\Tween</Filter>
    </ClCompile>
    <ClCompile Include="src\THEngine\Tween\THConcreteTweener.cpp">
      <Filter>源文件\THEngine\Tween</Filter>
    </ClCompile>
    <ClCompile Include="src\Scene\Game\PauseMenuItem.cpp">
      <Filter>源文件\Scene\Game</Filter>
    </ClCompile>
    <ClCompile Include="src\THEngine\UI\THMenu.cpp">
      <Filter>源文件\THEngine\UI</Filter>
    </ClCompile>
    <ClCompile Include="src\THEngine\UI\THMenuItem.cpp">
      <Filter>源文件\THEngine\UI</Filter>
    </ClCompile>
    <ClCompile Include="src\THEngine\Tween\THConcreteTween.cpp">
      <Filter>源文件\THEngine\Tween</Filter>
    </ClCompile>
    <ClCompile Include="src\Scene\Game\YesNoMenu.cpp">
      <Filter>源文件\Scene\Game</Filter>
    </ClCompile>
    <ClCompile Include="src\Scene\Title\TitleMenuItem.cpp">
      <Filter>源文件\Scene\Title</Filter>
    </ClCompile>
    <ClCompile Include="src\Player\ReimuBullet.cpp">
      <Filter>源文件\Player</Filter>
    </ClCompile>
    <ClCompile Include="src\STGCore\Item\Item.cpp">
      <Filter>源文件\STGCore\Item</Filter>
    </ClCompile>
    <ClCompile Include="src\STGCore\Item\PowerItemSmall.cpp">
      <Filter>源文件\STGCore\Item</Filter>
    </ClCompile>
    <ClCompile Include="src\STGCore\Item\ScoreItem.cpp">
      <Filter>源文件\STGCore\Item</Filter>
    </ClCompile>
    <ClCompile Include="src\THEngine\Core\THParticle3D.cpp">
      <Filter>源文件\THEngine\Core</Filter>
    </ClCompile>
    <ClCompile Include="src\THEngine\Renderer\THParticle3DRenderer.cpp">
      <Filter>源文件\THEngine\Renderer</Filter>
    </ClCompile>
    <ClCompile Include="src\Scene\Title\ParticleLayer.cpp">
      <Filter>源文件\Scene\Title</Filter>
    </ClCompile>
    <ClCompile Include="src\Scene\Title\SakuraParticle.cpp">
      <Filter>源文件\Scene\Title</Filter>
    </ClCompile>
    <ClCompile Include="src\Scene\Game\STGParticleLayer.cpp">
      <Filter>源文件\Scene\Game</Filter>
    </ClCompile>
    <ClCompile Include="src\THEngine\Platform\THMusic.cpp">
      <Filter>源文件\THEngine\Platform</Filter>
    </ClCompile>
    <ClCompile Include="src\THEngine\Core\3D\THMesh.cpp">
      <Filter>源文件\THEngine\Core\3D</Filter>
    </ClCompile>
    <ClCompile Include="src\THEngine\Renderer\THMeshRenderer.cpp">
      <Filter>源文件\THEngine\Renderer</Filter>
    </ClCompile>
    <ClCompile Include="src\THEngine\Renderer\THSpriteRenderer.cpp">
      <Filter>源文件\THEngine\Renderer</Filter>
    </ClCompile>
    <ClCompile Include="src\Stage\Stage01\Stage01.cpp">
      <Filter>源文件\Stage\Stage01</Filter>
    </ClCompile>
    <ClCompile Include="src\THEngine\Core\3D\THLight.cpp">
      <Filter>源文件\THEngine\Core\3D</Filter>
    </ClCompile>
    <ClCompile Include="src\STGCore\Enemy\Fairy.cpp">
      <Filter>源文件\STGCore\Enemy</Filter>
    </ClCompile>
    <ClCompile Include="src\Enemy\Stage01\Enemy01_002.cpp">
      <Filter>源文件\Enemy\Stage01</Filter>
    </ClCompile>
    <ClCompile Include="src\STGCore\Enemy\ButterFly.cpp">
      <Filter>源文件\STGCore\Enemy</Filter>
    </ClCompile>
    <ClCompile Include="src\Enemy\Stage01\Enemy01_003.cpp">
      <Filter>源文件\Enemy\Stage01</Filter>
    </ClCompile>
    <ClCompile Include="src\STGCore\Bullet\Laser.cpp">
      <Filter>源文件\STGCore\Bullet</Filter>
    </ClCompile>
    <ClCompile Include="src\Player\ReimuBomb1.cpp">
      <Filter>源文件\Player</Filter>
    </ClCompile>
    <ClCompile Include="src\THEngine\Core\THDataStack.cpp">
      <Filter>源文件\THEngine\Core</Filter>
    </ClCompile>
    <ClCompile Include="src\THEngine\Asset\THRenderTexture.cpp">
      <Filter>源文件\THEngine\Asset</Filter>
    </ClCompile>
    <ClCompile Include="src\Player\ReimuSubPlane.cpp">
      <Filter>源文件\Player</Filter>
    </ClCompile>
    <ClCompile Include="src\STGCore\Player\Player.cpp">
      <Filter>源文件\STGCore\Player</Filter>
    </ClCompile>
    <ClCompile Include="src\STGCore\Player\PlayerBullet.cpp">
      <Filter>源文件\STGCore\Player</Filter>
    </ClCompile>
    <ClCompile Include="src\STGCore\Player\PlayerCenter.cpp">
      <Filter>源文件\STGCore\Player</Filter>
    </ClCompile>
    <ClCompile Include="src\STGCore\Player\SubPlane.cpp">
      <Filter>源文件\STGCore\Player</Filter>
    </ClCompile>
    <ClCompile Include="src\THEngine\Math\THMatrix.cpp">
      <Filter>源文件\THEngine\Math</Filter>
    </ClCompile>
    <ClCompile Include="src\THEngine\Math\THVector.cpp">
      <Filter>源文件\THEngine\Math</Filter>
    </ClCompile>
    <ClCompile Include="src\THEngine\Core\THRenderState.cpp">
      <Filter>源文件\THEngine\Core</Filter>
    </ClCompile>
    <ClCompile Include="src\THEngine\Math\THMathUtil.cpp">
      <Filter>源文件\THEngine\Math</Filter>
    </ClCompile>
    <ClCompile Include="src\THEngine\Math\THQuaternion.cpp">
      <Filter>源文件\THEngine\Math</Filter>
    </ClCompile>
    <ClCompile Include="src\THEngine\Renderer\THRenderer.cpp">
      <Filter>源文件\THEngine\Renderer</Filter>
    </ClCompile>
    <ClCompile Include="src\Player\ReimuSubPlaneBullet.cpp">
      <Filter>源文件\Player</Filter>
    </ClCompile>
    <ClCompile Include="src\THEngine\Platform\THCoreDumper.cpp">
      <Filter>源文件\THEngine\Platform</Filter>
    </ClCompile>
    <ClCompile Include="src\THEngine\Asset\THCubeMap.cpp">
      <Filter>源文件\THEngine\Asset</Filter>
    </ClCompile>
    <ClCompile Include="src\THEngine\Asset\THAssetImpl.cpp">
      <Filter>源文件\THEngine\Asset</Filter>
    </ClCompile>
    <ClCompile Include="src\THEngine\Asset\THShaderStock.cpp">
      <Filter>源文件\THEngine\Asset</Filter>
    </ClCompile>
    <ClCompile Include="src\THEngine\Renderer\THSkyBoxRenderer.cpp">
      <Filter>源文件\THEngine\Renderer</Filter>
    </ClCompile>
    <ClCompile Include="src\THEngine\Core\THEnvironment.cpp">
      <Filter>源文件\THEngine\Core</Filter>
    </ClCompile>
    <ClCompile Include="src\THEngine\Renderer\THShadowRenderer.cpp">
      <Filter>源文件\THEngine\Renderer</Filter>
    </ClCompile>
    <ClCompile Include="src\THEngine\Renderer\THRenderPipleline.cpp">
      <Filter>源文件\THEngine\Renderer</Filter>
    </ClCompile>
    <ClCompile Include="src\THEngine\Asset\THFloatTexture.cpp">
      <Filter>源文件\THEngine\Asset</Filter>
    </ClCompile>
    <ClCompile Include="src\THEngine\Platform\THSurface.cpp">
      <Filter>源文件\THEngine\Platform</Filter>
    </ClCompile>
    <ClCompile Include="src\THEngine\Util\THPicker.cpp">
      <Filter>源文件\THEngine\Util</Filter>
    </ClCompile>
    <ClCompile Include="src\THEngine\Renderer\THShadowMap.cpp">
      <Filter>源文件\THEngine\Renderer</Filter>
    </ClCompile>
    <ClCompile Include="src\Scene\Select\SelectScene.cpp">
      <Filter>源文件\Scene\Select</Filter>
    </ClCompile>
    <ClCompile Include="src\Scene\Select\SelectTitle.cpp">
      <Filter>源文件\Scene\Select</Filter>
    </ClCompile>
    <ClCompile Include="src\Scene\Select\RankSelectMenu.cpp">
      <Filter>源文件\Scene\Select</Filter>
    </ClCompile>
    <ClCompile Include="src\Scene\Select\RankSelectMenuItem.cpp">
      <Filter>源文件\Scene\Select</Filter>
    </ClCompile>
    <ClCompile Include="src\THEngine\Async\THAsyncLoader.cpp">
      <Filter>源文件\THEngine\Async</Filter>
    </ClCompile>
    <ClCompile Include="src\THEngine\Async\THAsyncInfo.cpp">
      <Filter>源文件\THEngine\Async</Filter>
    </ClCompile>
    <ClCompile Include="src\Scene\Select\StarParticle.cpp">
      <Filter>源文件\Scene\Select</Filter>
    </ClCompile>
    <ClCompile Include="src\Scene\Game\ItemLine.cpp">
      <Filter>源文件\Scene\Game</Filter>
    </ClCompile>
    <ClCompile Include="src\STGCore\Bullet\ConcreteBulletType.cpp">
      <Filter>源文件\STGCore\Bullet</Filter>
    </ClCompile>
    <ClCompile Include="src\STGCore\Bullet\HitChecker.cpp">
      <Filter>源文件\STGCore\Bullet</Filter>
    </ClCompile>
    <ClCompile Include="src\STGCore\STGUtil.cpp">
      <Filter>源文件\STGCore</Filter>
    </ClCompile>
    <ClCompile Include="src\THEngine\Math\THRandomGenerator.cpp">
      <Filter>源文件\THEngine\Math</Filter>
    </ClCompile>
    <ClCompile Include="src\THXYY\GameConfig.cpp">
      <Filter>源文件\THXYY</Filter>
    </ClCompile>
    <ClCompile Include="src\THXYY\THXYY.cpp">
      <Filter>源文件\THXYY</Filter>
    </ClCompile>
    <ClCompile Include="src\THXYY\StartupDialog.cpp">
      <Filter>源文件\THXYY</Filter>
    </ClCompile>
  </ItemGroup>
  <ItemGroup>
    <ClInclude Include="src\THEngine\Common\THCommon.h">
      <Filter>头文件\THEngine\Common</Filter>
    </ClInclude>
    <ClInclude Include="src\THEngine\Common\THDefine.h">
      <Filter>头文件\THEngine\Common</Filter>
    </ClInclude>
    <ClInclude Include="src\THEngine\Common\THList.h">
      <Filter>头文件\THEngine\Common</Filter>
    </ClInclude>
    <ClInclude Include="src\THEngine\Common\THLogger.h">
      <Filter>头文件\THEngine\Common</Filter>
    </ClInclude>
    <ClInclude Include="src\THEngine\Common\THObject.h">
      <Filter>头文件\THEngine\Common</Filter>
    </ClInclude>
    <ClInclude Include="src\THEngine\Common\THString.h">
      <Filter>头文件\THEngine\Common</Filter>
    </ClInclude>
    <ClInclude Include="src\THEngine\Core\THGame.h">
      <Filter>头文件\THEngine\Core</Filter>
    </ClInclude>
    <ClInclude Include="src\THEngine\Core\THLayer.h">
      <Filter>头文件\THEngine\Core</Filter>
    </ClInclude>
    <ClInclude Include="src\THEngine\Core\THScene.h">
      <Filter>头文件\THEngine\Core</Filter>
    </ClInclude>
    <ClInclude Include="src\THEngine\Platform\THApplication.h">
      <Filter>头文件\THEngine\Platform</Filter>
    </ClInclude>
    <ClInclude Include="src\THEngine\THEngine.h">
      <Filter>头文件\THEngine</Filter>
    </ClInclude>
    <ClInclude Include="src\THEngine\Core\THGameObject.h">
      <Filter>头文件\THEngine\Core</Filter>
    </ClInclude>
    <ClInclude Include="src\THEngine\Renderer\THRenderer.h">
      <Filter>头文件\THEngine\Renderer</Filter>
    </ClInclude>
    <ClInclude Include="src\THEngine\Renderer\THRenderQueue.h">
      <Filter>头文件\THEngine\Renderer</Filter>
    </ClInclude>
    <ClInclude Include="src\THEngine\Core\THSprite.h">
      <Filter>头文件\THEngine\Core</Filter>
    </ClInclude>
    <ClInclude Include="src\THEngine\Asset\THAssetManager.h">
      <Filter>头文件\THEngine\Asset</Filter>
    </ClInclude>
    <ClInclude Include="src\THEngine\Asset\THShader.h">
      <Filter>头文件\THEngine\Asset</Filter>
    </ClInclude>
    <ClInclude Include="src\THEngine\Asset\THTexture.h">
      <Filter>头文件\THEngine\Asset</Filter>
    </ClInclude>
    <ClInclude Include="src\THEngine\Core\THCamera.h">
      <Filter>头文件\THEngine\Core</Filter>
    </ClInclude>
    <ClInclude Include="src\THEngine\Asset\THImage.h">
      <Filter>头文件\THEngine\Asset</Filter>
    </ClInclude>
    <ClInclude Include="src\THEngine\Core\THFont.h">
      <Filter>头文件\THEngine\Core</Filter>
    </ClInclude>
    <ClInclude Include="src\THEngine\UI\THEventSystem.h">
      <Filter>头文件\THEngine\UI</Filter>
    </ClInclude>
    <ClInclude Include="src\THEngine\UI\THEvents.h">
      <Filter>头文件\THEngine\UI</Filter>
    </ClInclude>
    <ClInclude Include="src\THEngine\UI\THMenu.h">
      <Filter>头文件\THEngine\UI</Filter>
    </ClInclude>
    <ClInclude Include="src\Scene\Title\TitleMenu.h">
      <Filter>头文件\Scene\Title</Filter>
    </ClInclude>
    <ClInclude Include="src\Scene\Title\Title.h">
      <Filter>头文件\Scene\Title</Filter>
    </ClInclude>
    <ClInclude Include="src\THEngine\Common\THMap.h">
      <Filter>头文件\THEngine\Common</Filter>
    </ClInclude>
    <ClInclude Include="src\StgCore\STGEngine.h">
      <Filter>头文件\STGCore</Filter>
    </ClInclude>
    <ClInclude Include="src\STGCore\STGCore.h">
      <Filter>头文件\STGCore</Filter>
    </ClInclude>
    <ClInclude Include="src\Scene\Game\GameScene.h">
      <Filter>头文件\Scene\Game</Filter>
    </ClInclude>
    <ClInclude Include="src\Scene\Game\ScoreNumber.h">
      <Filter>头文件\Scene\Game</Filter>
    </ClInclude>
    <ClInclude Include="src\Scene\Game\PowerNumber.h">
      <Filter>头文件\Scene\Game</Filter>
    </ClInclude>
    <ClInclude Include="src\Scene\Game\PointNumber.h">
      <Filter>头文件\Scene\Game</Filter>
    </ClInclude>
    <ClInclude Include="src\Scene\Game\GrazeNumber.h">
      <Filter>头文件\Scene\Game</Filter>
    </ClInclude>
    <ClInclude Include="src\Player\Reimu.h">
      <Filter>头文件\Player</Filter>
    </ClInclude>
    <ClInclude Include="src\Scene\Game\STGLayer.h">
      <Filter>头文件\Scene\Game</Filter>
    </ClInclude>
    <ClInclude Include="src\THEngine\Platform\THInput.h">
      <Filter>头文件\THEngine\Platform</Filter>
    </ClInclude>
    <ClInclude Include="src\STGCore\Stage.h">
      <Filter>头文件\STGCore</Filter>
    </ClInclude>
    <ClInclude Include="src\THEngine\Common\THEngineObject.h">
      <Filter>头文件\THEngine\Common</Filter>
    </ClInclude>
    <ClInclude Include="src\THEngine\Common\THScheduler.h">
      <Filter>头文件\THEngine\Common</Filter>
    </ClInclude>
    <ClInclude Include="src\THEngine\Common\THFrameTimer.h">
      <Filter>头文件\THEngine\Common</Filter>
    </ClInclude>
    <ClInclude Include="src\STGCore\Enemy\Enemy.h">
      <Filter>头文件\STGCore\Enemy</Filter>
    </ClInclude>
    <ClInclude Include="src\STGCore\API.h">
      <Filter>头文件\STGCore</Filter>
    </ClInclude>
    <ClInclude Include="src\Enemy\Stage01\Enemy01_001.h">
      <Filter>头文件\Enemy\Stage01</Filter>
    </ClInclude>
    <ClInclude Include="src\STGCore\Global.h">
      <Filter>头文件\STGCore</Filter>
    </ClInclude>
    <ClInclude Include="src\STGCore\Bullet\Bullet.h">
      <Filter>头文件\STGCore\Bullet</Filter>
    </ClInclude>
    <ClInclude Include="src\STGCore\Effect\BulletFog.h">
      <Filter>头文件\STGCore\Effect</Filter>
    </ClInclude>
    <ClInclude Include="src\THEngine\Platform\THAudio.h">
      <Filter>头文件\THEngine\Platform</Filter>
    </ClInclude>
    <ClInclude Include="src\THEngine\Platform\THSound.h">
      <Filter>头文件\THEngine\Platform</Filter>
    </ClInclude>
    <ClInclude Include="src\THEngine\Common\THException.h">
      <Filter>头文件\THEngine\Common</Filter>
    </ClInclude>
    <ClInclude Include="src\THEngine\Common\THExceptionManager.h">
      <Filter>头文件\THEngine\Common</Filter>
    </ClInclude>
    <ClInclude Include="src\THEngine\Platform\External\CWaveFile.h">
      <Filter>头文件\THEngine\Platform\External</Filter>
    </ClInclude>
    <ClInclude Include="src\STGCore\STGResources.h">
      <Filter>头文件\STGCore</Filter>
    </ClInclude>
    <ClInclude Include="src\Scene\Game\PauseMenu.h">
      <Filter>头文件\Scene\Game</Filter>
    </ClInclude>
    <ClInclude Include="src\THEngine\Tween\THTweener.h">
      <Filter>头文件\THEngine\Tween</Filter>
    </ClInclude>
    <ClInclude Include="src\THEngine\Tween\THTweenManager.h">
      <Filter>头文件\THEngine\Tween</Filter>
    </ClInclude>
    <ClInclude Include="src\THEngine\Tween\THTween.h">
      <Filter>头文件\THEngine\Tween</Filter>
    </ClInclude>
    <ClInclude Include="src\THEngine\Tween\THConcreteTweener.h">
      <Filter>头文件\THEngine\Tween</Filter>
    </ClInclude>
    <ClInclude Include="src\Scene\Game\PauseMenuItem.h">
      <Filter>头文件\Scene\Game</Filter>
    </ClInclude>
    <ClInclude Include="src\THEngine\UI\THMenuItem.h">
      <Filter>头文件\THEngine\UI</Filter>
    </ClInclude>
    <ClInclude Include="src\THEngine\Tween\THConcreteTween.h">
      <Filter>头文件\THEngine\Tween</Filter>
    </ClInclude>
    <ClInclude Include="src\Scene\Game\YesNoMenu.h">
      <Filter>头文件\Scene\Game</Filter>
    </ClInclude>
    <ClInclude Include="src\Scene\Title\TitleMenuItem.h">
      <Filter>头文件\Scene\Title</Filter>
    </ClInclude>
    <ClInclude Include="src\Player\ReimuBullet.h">
      <Filter>头文件\Player</Filter>
    </ClInclude>
    <ClInclude Include="src\STGCore\Item\Item.h">
      <Filter>头文件\STGCore\Item</Filter>
    </ClInclude>
    <ClInclude Include="src\STGCore\Item\PowerItemSmall.h">
      <Filter>头文件\STGCore\Item</Filter>
    </ClInclude>
    <ClInclude Include="src\STGCore\Item\ScoreItem.h">
      <Filter>头文件\STGCore\Item</Filter>
    </ClInclude>
    <ClInclude Include="src\THEngine\Core\THParticle3D.h">
      <Filter>头文件\THEngine\Core</Filter>
    </ClInclude>
    <ClInclude Include="src\THEngine\Renderer\THSpriteRenderer.h">
      <Filter>头文件\THEngine\Renderer</Filter>
    </ClInclude>
    <ClInclude Include="src\THEngine\Renderer\THParticle3DRenderer.h">
      <Filter>头文件\THEngine\Renderer</Filter>
    </ClInclude>
    <ClInclude Include="src\Scene\Title\ParticleLayer.h">
      <Filter>头文件\Scene\Title</Filter>
    </ClInclude>
    <ClInclude Include="src\Scene\Title\SakuraParticle.h">
      <Filter>头文件\Scene\Title</Filter>
    </ClInclude>
    <ClInclude Include="src\Scene\Game\STGParticleLayer.h">
      <Filter>头文件\Scene\Game</Filter>
    </ClInclude>
    <ClInclude Include="src\THEngine\Platform\THMusic.h">
      <Filter>头文件\THEngine\Platform</Filter>
    </ClInclude>
    <ClInclude Include="src\THEngine\Core\3D\THMesh.h">
      <Filter>头文件\THEngine\Core\3D</Filter>
    </ClInclude>
    <ClInclude Include="src\THEngine\Renderer\THMeshRenderer.h">
      <Filter>头文件\THEngine\Renderer</Filter>
    </ClInclude>
    <ClInclude Include="src\Stage\Stage01\Stage01.h">
      <Filter>头文件\Stage\Stage01</Filter>
    </ClInclude>
    <ClInclude Include="src\THEngine\Core\3D\THLight.h">
      <Filter>头文件\THEngine\Core\3D</Filter>
    </ClInclude>
    <ClInclude Include="src\STGCore\Enemy\Fairy.h">
      <Filter>头文件\STGCore\Enemy</Filter>
    </ClInclude>
    <ClInclude Include="src\Enemy\Stage01\Enemy01_002.h">
      <Filter>头文件\Enemy\Stage01</Filter>
    </ClInclude>
    <ClInclude Include="src\STGCore\Enemy\ButterFly.h">
      <Filter>头文件\STGCore\Enemy</Filter>
    </ClInclude>
    <ClInclude Include="src\Enemy\Stage01\Enemy01_003.h">
      <Filter>头文件\Enemy\Stage01</Filter>
    </ClInclude>
    <ClInclude Include="src\STGCore\Bullet\Laser.h">
      <Filter>头文件\STGCore\Bullet</Filter>
    </ClInclude>
    <ClInclude Include="src\Player\ReimuBomb1.h">
      <Filter>头文件\Player</Filter>
    </ClInclude>
    <ClInclude Include="src\THEngine\Core\THDataStack.h">
      <Filter>头文件\THEngine\Core</Filter>
    </ClInclude>
    <ClInclude Include="src\THEngine\Asset\THRenderTexture.h">
      <Filter>头文件\THEngine\Asset</Filter>
    </ClInclude>
    <ClInclude Include="src\Player\ReimuSubPlane.h">
      <Filter>头文件\Player</Filter>
    </ClInclude>
    <ClInclude Include="src\STGCore\Player\Player.h">
      <Filter>头文件\STGCore\Player</Filter>
    </ClInclude>
    <ClInclude Include="src\STGCore\Player\PlayerBullet.h">
      <Filter>头文件\STGCore\Player</Filter>
    </ClInclude>
    <ClInclude Include="src\STGCore\Player\PlayerCenter.h">
      <Filter>头文件\STGCore\Player</Filter>
    </ClInclude>
    <ClInclude Include="src\STGCore\Player\SubPlane.h">
      <Filter>头文件\STGCore\Player</Filter>
    </ClInclude>
    <ClInclude Include="src\THEngine\Math\THMatrix.h">
      <Filter>头文件\THEngine\Math</Filter>
    </ClInclude>
    <ClInclude Include="src\THEngine\Math\THVector.h">
      <Filter>头文件\THEngine\Math</Filter>
    </ClInclude>
    <ClInclude Include="src\THEngine\Math\THMath.h">
      <Filter>头文件\THEngine\Math</Filter>
    </ClInclude>
    <ClInclude Include="src\THEngine\Core\THRenderState.h">
      <Filter>头文件\THEngine\Core</Filter>
    </ClInclude>
    <ClInclude Include="src\THEngine\Math\THMathUtil.h">
      <Filter>头文件\THEngine\Math</Filter>
    </ClInclude>
    <ClInclude Include="src\THEngine\Math\THQuaternion.h">
      <Filter>头文件\THEngine\Math</Filter>
    </ClInclude>
    <ClInclude Include="src\Player\ReimuSubPlaneBullet.h">
      <Filter>头文件\Player</Filter>
    </ClInclude>
    <ClInclude Include="src\THEngine\Platform\THCoreDumper.h">
      <Filter>头文件\THEngine\Platform</Filter>
    </ClInclude>
    <ClInclude Include="src\THEngine\Asset\THCubeMap.h">
      <Filter>头文件\THEngine\Asset</Filter>
    </ClInclude>
    <ClInclude Include="src\THEngine\Asset\THAssetImpl.h">
      <Filter>头文件\THEngine\Asset</Filter>
    </ClInclude>
    <ClInclude Include="src\THEngine\Asset\THShaderStock.h">
      <Filter>头文件\THEngine\Asset</Filter>
    </ClInclude>
    <ClInclude Include="src\THEngine\Renderer\THSkyBoxRenderer.h">
      <Filter>头文件\THEngine\Renderer</Filter>
    </ClInclude>
    <ClInclude Include="src\THEngine\Core\THEnvironment.h">
      <Filter>头文件\THEngine\Core</Filter>
    </ClInclude>
    <ClInclude Include="src\THEngine\Renderer\THShadowRenderer.h">
      <Filter>头文件\THEngine\Renderer</Filter>
    </ClInclude>
    <ClInclude Include="src\THEngine\Renderer\THRenderPipeline.h">
      <Filter>头文件\THEngine\Renderer</Filter>
    </ClInclude>
    <ClInclude Include="src\THEngine\Asset\THFloatTexture.h">
      <Filter>头文件\THEngine\Asset</Filter>
    </ClInclude>
    <ClInclude Include="src\THEngine\Platform\THSurface.h">
      <Filter>头文件\THEngine\Platform</Filter>
    </ClInclude>
    <ClInclude Include="src\THEngine\Util\THPicker.h">
      <Filter>头文件\THEngine\Util</Filter>
    </ClInclude>
    <ClInclude Include="src\THEngine\Renderer\THShadowMap.h">
      <Filter>头文件\THEngine\Renderer</Filter>
    </ClInclude>
    <ClInclude Include="src\Scene\Select\SelectScene.h">
      <Filter>头文件\Scene\Select</Filter>
    </ClInclude>
    <ClInclude Include="src\Scene\Select\SelectTitle.h">
      <Filter>头文件\Scene\Select</Filter>
    </ClInclude>
    <ClInclude Include="src\Scene\Select\RankSelectMenu.h">
      <Filter>头文件\Scene\Select</Filter>
    </ClInclude>
    <ClInclude Include="src\Scene\Select\RankSelectMenuItem.h">
      <Filter>头文件\Scene\Select</Filter>
    </ClInclude>
    <ClInclude Include="src\THEngine\Async\THAsyncLoader.h">
      <Filter>头文件\THEngine\Async</Filter>
    </ClInclude>
    <ClInclude Include="src\THEngine\Async\THAsyncInfo.h">
      <Filter>头文件\THEngine\Async</Filter>
    </ClInclude>
    <ClInclude Include="src\Scene\Select\StarParticle.h">
      <Filter>头文件\Scene\Select</Filter>
    </ClInclude>
    <ClInclude Include="src\Scene\Game\ItemLine.h">
      <Filter>头文件\Scene\Game</Filter>
    </ClInclude>
    <ClInclude Include="src\STGCore\Bullet\BulletType.h">
      <Filter>头文件\STGCore\Bullet</Filter>
    </ClInclude>
    <ClInclude Include="src\STGCore\Bullet\ConcreteBulletType.h">
      <Filter>头文件\STGCore\Bullet</Filter>
    </ClInclude>
    <ClInclude Include="src\STGCore\Bullet\BulletColor.h">
      <Filter>头文件\STGCore\Bullet</Filter>
    </ClInclude>
    <ClInclude Include="src\STGCore\Bullet\HitChecker.h">
      <Filter>头文件\STGCore\Bullet</Filter>
    </ClInclude>
    <ClInclude Include="src\STGCore\STGUtil.h">
      <Filter>头文件\STGCore</Filter>
    </ClInclude>
    <ClInclude Include="src\THEngine\Math\THRandomGenerator.h">
      <Filter>头文件\THEngine\Math</Filter>
    </ClInclude>
    <ClInclude Include="src\THXYY\GameConfig.h">
      <Filter>头文件\THXYY</Filter>
    </ClInclude>
    <ClInclude Include="src\THXYY\THXYY.h">
      <Filter>头文件\THXYY</Filter>
    </ClInclude>
    <ClInclude Include="src\THEngine\Core\THConfig.h">
      <Filter>头文件\THEngine\Core</Filter>
    </ClInclude>
    <ClInclude Include="resource.h">
      <Filter>头文件</Filter>
    </ClInclude>
    <ClInclude Include="src\THXYY\StartupDialog.h">
      <Filter>头文件\THXYY</Filter>
    </ClInclude>
  </ItemGroup>
  <ItemGroup>
    <ResourceCompile Include="THXYY.rc">
      <Filter>资源文件</Filter>
    </ResourceCompile>
  </ItemGroup>
  <ItemGroup>
    <None Include="fx\sprite.fx">
      <Filter>fx</Filter>
    </None>
    <None Include="fx\lighting.fx">
      <Filter>fx</Filter>
    </None>
    <None Include="fx\skybox.fx">
      <Filter>fx</Filter>
    </None>
    <None Include="fx\shadow.fx">
      <Filter>fx</Filter>
    </None>
    <None Include="fx\mesh.fx">
      <Filter>fx</Filter>
    </None>
  </ItemGroup>
  <ItemGroup>
    <Image Include="res\icon\THXYY.ico">
      <Filter>资源文件</Filter>
    </Image>
    <Image Include="res\icon\small.ico">
      <Filter>资源文件</Filter>
    </Image>
  </ItemGroup>
</Project>